// !$*UTF8*$!
{
	archiveVersion = 1;
	classes = {
	};
	objectVersion = 46;
	objects = {

/* Begin PBXBuildFile section */
		07733DD11CB8FBBA00C7C0AD /* 5.正反菱形的打印 空+实心.c in Sources */ = {isa = PBXBuildFile; fileRef = 0722C77D1CB7E6D5003F056C /* 5.正反菱形的打印 空+实心.c */; };
/* End PBXBuildFile section */

/* Begin PBXCopyFilesBuildPhase section */
		0722C76E1CB7DC27003F056C /* CopyFiles */ = {
			isa = PBXCopyFilesBuildPhase;
			buildActionMask = 2147483647;
			dstPath = /usr/share/man/man1/;
			dstSubfolderSpec = 0;
			files = (
			);
			runOnlyForDeploymentPostprocessing = 1;
		};
/* End PBXCopyFilesBuildPhase section */

/* Begin PBXFileReference section */
		0722C7701CB7DC27003F056C /* Practice */ = {isa = PBXFileReference; explicitFileType = "compiled.mach-o.executable"; includeInIndex = 0; path = Practice; sourceTree = BUILT_PRODUCTS_DIR; };
		0722C7731CB7DC27003F056C /* 1.求二维数组的正对角线之和.c */ = {isa = PBXFileReference; lastKnownFileType = sourcecode.c.c; path = "1.求二维数组的正对角线之和.c"; sourceTree = "<group>"; };
		0722C77D1CB7E6D5003F056C /* 5.正反菱形的打印 空+实心.c */ = {isa = PBXFileReference; fileEncoding = 4; lastKnownFileType = sourcecode.c.c; path = "5.正反菱形的打印 空+实心.c"; sourceTree = "<group>"; };
		0722C77F1CB7EA9E003F056C /* 2.矩阵反转.c */ = {isa = PBXFileReference; fileEncoding = 4; lastKnownFileType = sourcecode.c.c; path = "2.矩阵反转.c"; sourceTree = "<group>"; };
		0722C7811CB7EEB1003F056C /* 3.打印输出大写字母A~Z,剔除F~K,显示剩下的所有的字符.c */ = {isa = PBXFileReference; fileEncoding = 4; lastKnownFileType = sourcecode.c.c; path = "3.打印输出大写字母A~Z,剔除F~K,显示剩下的所有的字符.c"; sourceTree = "<group>"; };
		0722C7831CB80B22003F056C /* 4.用while和for循环,分别打印99乘法表.c */ = {isa = PBXFileReference; fileEncoding = 4; lastKnownFileType = sourcecode.c.c; path = "4.用while和for循环,分别打印99乘法表.c"; sourceTree = "<group>"; };
/* End PBXFileReference section */

/* Begin PBXFrameworksBuildPhase section */
		0722C76D1CB7DC27003F056C /* Frameworks */ = {
			isa = PBXFrameworksBuildPhase;
			buildActionMask = 2147483647;
			files = (
			);
			runOnlyForDeploymentPostprocessing = 0;
		};
/* End PBXFrameworksBuildPhase section */

/* Begin PBXGroup section */
		0722C7671CB7DC27003F056C = {
			isa = PBXGroup;
			children = (
				0722C7721CB7DC27003F056C /* Practice */,
				0722C7711CB7DC27003F056C /* Products */,
			);
			sourceTree = "<group>";
		};
		0722C7711CB7DC27003F056C /* Products */ = {
			isa = PBXGroup;
			children = (
				0722C7701CB7DC27003F056C /* Practice */,
			);
			name = Products;
			sourceTree = "<group>";
		};
		0722C7721CB7DC27003F056C /* Practice */ = {
			isa = PBXGroup;
			children = (
				0722C7731CB7DC27003F056C /* 1.求二维数组的正对角线之和.c */,
				0722C77F1CB7EA9E003F056C /* 2.矩阵反转.c */,
				0722C7811CB7EEB1003F056C /* 3.打印输出大写字母A~Z,剔除F~K,显示剩下的所有的字符.c */,
				0722C7831CB80B22003F056C /* 4.用while和for循环,分别打印99乘法表.c */,
				0722C77D1CB7E6D5003F056C /* 5.正反菱形的打印 空+实心.c */,
			);
			path = Practice;
			sourceTree = "<group>";
		};
/* End PBXGroup section */

/* Begin PBXNativeTarget section */
		0722C76F1CB7DC27003F056C /* Practice */ = {
			isa = PBXNativeTarget;
			buildConfigurationList = 0722C7771CB7DC27003F056C /* Build configuration list for PBXNativeTarget "Practice" */;
			buildPhases = (
				0722C76C1CB7DC27003F056C /* Sources */,
				0722C76D1CB7DC27003F056C /* Frameworks */,
				0722C76E1CB7DC27003F056C /* CopyFiles */,
			);
			buildRules = (
			);
			dependencies = (
			);
			name = Practice;
			productName = Practice;
			productReference = 0722C7701CB7DC27003F056C /* Practice */;
			productType = "com.apple.product-type.tool";
		};
/* End PBXNativeTarget section */

/* Begin PBXProject section */
		0722C7681CB7DC27003F056C /* Project object */ = {
			isa = PBXProject;
			attributes = {
				LastUpgradeCheck = 0720;
				ORGANIZATIONNAME = Biao;
				TargetAttributes = {
					0722C76F1CB7DC27003F056C = {
						CreatedOnToolsVersion = 7.2.1;
					};
				};
			};
			buildConfigurationList = 0722C76B1CB7DC27003F056C /* Build configuration list for PBXProject "Practice" */;
			compatibilityVersion = "Xcode 3.2";
			developmentRegion = English;
			hasScannedForEncodings = 0;
			knownRegions = (
				en,
			);
			mainGroup = 0722C7671CB7DC27003F056C;
			productRefGroup = 0722C7711CB7DC27003F056C /* Products */;
			projectDirPath = "";
			projectRoot = "";
			targets = (
				0722C76F1CB7DC27003F056C /* Practice */,
			);
		};
/* End PBXProject section */

/* Begin PBXSourcesBuildPhase section */
		0722C76C1CB7DC27003F056C /* Sources */ = {
			isa = PBXSourcesBuildPhase;
			buildActionMask = 2147483647;
			files = (
				07733DD11CB8FBBA00C7C0AD /* 5.正反菱形的打印 空+实心.c in Sources */,
			);
			runOnlyForDeploymentPostprocessing = 0;
		};
/* End PBXSourcesBuildPhase section */

/* Begin XCBuildConfiguration section */
		0722C7751CB7DC27003F056C /* Debug */ = {
			isa = XCBuildConfiguration;
			buildSettings = {
				ALWAYS_SEARCH_USER_PATHS = NO;
				CLANG_CXX_LANGUAGE_STANDARD = "gnu++0x";
				CLANG_CXX_LIBRARY = "libc++";
				CLANG_ENABLE_MODULES = YES;
				CLANG_ENABLE_OBJC_ARC = YES;
				CLANG_WARN_BOOL_CONVERSION = YES;
				CLANG_WARN_CONSTANT_CONVERSION = YES;
				CLANG_WARN_DIRECT_OBJC_ISA_USAGE = YES_ERROR;
				CLANG_WARN_EMPTY_BODY = YES;
				CLANG_WARN_ENUM_CONVERSION = YES;
				CLANG_WARN_INT_CONVERSION = YES;
				CLANG_WARN_OBJC_ROOT_CLASS = YES_ERROR;
				CLANG_WARN_UNREACHABLE_CODE = YES;
				CLANG_WARN__DUPLICATE_METHOD_MATCH = YES;
				CODE_SIGN_IDENTITY = "-";
				COPY_PHASE_STRIP = NO;
				DEBUG_INFORMATION_FORMAT = dwarf;
				ENABLE_STRICT_OBJC_MSGSEND = YES;
				ENABLE_TESTABILITY = YES;
				GCC_C_LANGUAGE_STANDARD = gnu99;
				GCC_DYNAMIC_NO_PIC = NO;
				GCC_NO_COMMON_BLOCKS = YES;
				GCC_OPTIMIZATION_LEVEL = 0;
				GCC_PREPROCESSOR_DEFINITIONS = (
					"DEBUG=1",
					"$(inherited)",
				);
				GCC_WARN_64_TO_32_BIT_CONVERSION = YES;
				GCC_WARN_ABOUT_RETURN_TYPE = YES_ERROR;
				GCC_WARN_UNDECLARED_SELECTOR = YES;
				GCC_WARN_UNINITIALIZED_AUTOS = YES_AGGRESSIVE;
				GCC_WARN_UNUSED_FUNCTION = YES;
				GCC_WARN_UNUSED_VARIABLE = YES;
				MACOSX_DEPLOYMENT_TARGET = 10.11;
				MTL_ENABLE_DEBUG_INFO = YES;
				ONLY_ACTIVE_ARCH = YES;
				SDKROOT = macosx;
			};
			name = Debug;
		};
		0722C7761CB7DC27003F056C /* Release */ = {
			isa = XCBuildConfiguration;
			buildSettings = {
				ALWAYS_SEARCH_USER_PATHS = NO;
				CLANG_CXX_LANGUAGE_STANDARD = "gnu++0x";
				CLANG_CXX_LIBRARY = "libc++";
				CLANG_ENABLE_MODULES = YES;
				CLANG_ENABLE_OBJC_ARC = YES;
				CLANG_WARN_BOOL_CONVERSION = YES;
				CLANG_WARN_CONSTANT_CONVERSION = YES;
				CLANG_WARN_DIRECT_OBJC_ISA_USAGE = YES_ERROR;
				CLANG_WARN_EMPTY_BODY = YES;
				CLANG_WARN_ENUM_CONVERSION = YES;
				CLANG_WARN_INT_CONVERSION = YES;
				CLANG_WARN_OBJC_ROOT_CLASS = YES_ERROR;
				CLANG_WARN_UNREACHABLE_CODE = YES;
				CLANG_WARN__DUPLICATE_METHOD_MATCH = YES;
				CODE_SIGN_IDENTITY = "-";
				COPY_PHASE_STRIP = NO;
				DEBUG_INFORMATION_FORMAT = "dwarf-with-dsym";
				ENABLE_NS_ASSERTIONS = NO;
				ENABLE_STRICT_OBJC_MSGSEND = YES;
				GCC_C_LANGUAGE_STANDARD = gnu99;
				GCC_NO_COMMON_BLOCKS = YES;
				GCC_WARN_64_TO_32_BIT_CONVERSION = YES;
				GCC_WARN_ABOUT_RETURN_TYPE = YES_ERROR;
				GCC_WARN_UNDECLARED_SELECTOR = YES;
				GCC_WARN_UNINITIALIZED_AUTOS = YES_AGGRESSIVE;
				GCC_WARN_UNUSED_FUNCTION = YES;
				GCC_WARN_UNUSED_VARIABLE = YES;
				MACOSX_DEPLOYMENT_TARGET = 10.11;
				MTL_ENABLE_DEBUG_INFO = NO;
				SDKROOT = macosx;
			};
			name = Release;
		};
		0722C7781CB7DC27003F056C /* Debug */ = {
			isa = XCBuildConfiguration;
			buildSettings = {
				PRODUCT_NAME = "$(TARGET_NAME)";
			};
			name = Debug;
		};
		0722C7791CB7DC27003F056C /* Release */ = {
			isa = XCBuildConfiguration;
			buildSettings = {
				PRODUCT_NAME = "$(TARGET_NAME)";
			};
			name = Release;
		};
/* End XCBuildConfiguration section */

/* Begin XCConfigurationList section */
		0722C76B1CB7DC27003F056C /* Build configuration list for PBXProject "Practice" */ = {
			isa = XCConfigurationList;
			buildConfigurations = (
				0722C7751CB7DC27003F056C /* Debug */,
				0722C7761CB7DC27003F056C /* Release */,
			);
			defaultConfigurationIsVisible = 0;
			defaultConfigurationName = Release;
		};
		0722C7771CB7DC27003F056C /* Build configuration list for PBXNativeTarget "Practice" */ = {
			isa = XCConfigurationList;
			buildConfigurations = (
				0722C7781CB7DC27003F056C /* Debug */,
				0722C7791CB7DC27003F056C /* Release */,
			);
			defaultConfigurationIsVisible = 0;
			defaultConfigurationName = Release;
		};
/* End XCConfigurationList section */
	};
	rootObject = 0722C7681CB7DC27003F056C /* Project object */;
}
