// !$*UTF8*$!
{
	archiveVersion = 1;
	classes = {
	};
	objectVersion = 46;
	objects = {

/* Begin PBXBuildFile section */
		6AB50F771CDA730900D39F9D /* main.m in Sources */ = {isa = PBXBuildFile; fileRef = 6AB50F761CDA730900D39F9D /* main.m */; };
		6AB50F7F1CDA731C00D39F9D /* ClassA.m in Sources */ = {isa = PBXBuildFile; fileRef = 6AB50F7E1CDA731C00D39F9D /* ClassA.m */; };
/* End PBXBuildFile section */

/* Begin PBXCopyFilesBuildPhase section */
		6AB50F711CDA730900D39F9D /* CopyFiles */ = {
			isa = PBXCopyFilesBuildPhase;
			buildActionMask = 2147483647;
			dstPath = /usr/share/man/man1/;
			dstSubfolderSpec = 0;
			files = (
			);
			runOnlyForDeploymentPostprocessing = 1;
		};
/* End PBXCopyFilesBuildPhase section */

/* Begin PBXFileReference section */
		6AB50F731CDA730900D39F9D /* Block做属性和方法的参数 */ = {isa = PBXFileReference; explicitFileType = "compiled.mach-o.executable"; includeInIndex = 0; path = "Block做属性和方法的参数"; sourceTree = BUILT_PRODUCTS_DIR; };
		6AB50F761CDA730900D39F9D /* main.m */ = {isa = PBXFileReference; lastKnownFileType = sourcecode.c.objc; path = main.m; sourceTree = "<group>"; };
		6AB50F7D1CDA731C00D39F9D /* ClassA.h */ = {isa = PBXFileReference; fileEncoding = 4; lastKnownFileType = sourcecode.c.h; path = ClassA.h; sourceTree = "<group>"; };
		6AB50F7E1CDA731C00D39F9D /* ClassA.m */ = {isa = PBXFileReference; fileEncoding = 4; lastKnownFileType = sourcecode.c.objc; path = ClassA.m; sourceTree = "<group>"; };
/* End PBXFileReference section */

/* Begin PBXFrameworksBuildPhase section */
		6AB50F701CDA730900D39F9D /* Frameworks */ = {
			isa = PBXFrameworksBuildPhase;
			buildActionMask = 2147483647;
			files = (
			);
			runOnlyForDeploymentPostprocessing = 0;
		};
/* End PBXFrameworksBuildPhase section */

/* Begin PBXGroup section */
		6AB50F6A1CDA730900D39F9D = {
			isa = PBXGroup;
			children = (
				6AB50F751CDA730900D39F9D /* Block做属性和方法的参数 */,
				6AB50F741CDA730900D39F9D /* Products */,
			);
			sourceTree = "<group>";
		};
		6AB50F741CDA730900D39F9D /* Products */ = {
			isa = PBXGroup;
			children = (
				6AB50F731CDA730900D39F9D /* Block做属性和方法的参数 */,
			);
			name = Products;
			sourceTree = "<group>";
		};
		6AB50F751CDA730900D39F9D /* Block做属性和方法的参数 */ = {
			isa = PBXGroup;
			children = (
				6AB50F761CDA730900D39F9D /* main.m */,
				6AB50F7D1CDA731C00D39F9D /* ClassA.h */,
				6AB50F7E1CDA731C00D39F9D /* ClassA.m */,
			);
			path = "Block做属性和方法的参数";
			sourceTree = "<group>";
		};
/* End PBXGroup section */

/* Begin PBXNativeTarget section */
		6AB50F721CDA730900D39F9D /* Block做属性和方法的参数 */ = {
			isa = PBXNativeTarget;
			buildConfigurationList = 6AB50F7A1CDA730900D39F9D /* Build configuration list for PBXNativeTarget "Block做属性和方法的参数" */;
			buildPhases = (
				6AB50F6F1CDA730900D39F9D /* Sources */,
				6AB50F701CDA730900D39F9D /* Frameworks */,
				6AB50F711CDA730900D39F9D /* CopyFiles */,
			);
			buildRules = (
			);
			dependencies = (
			);
			name = "Block做属性和方法的参数";
			productName = "Block做属性和方法的参数";
			productReference = 6AB50F731CDA730900D39F9D /* Block做属性和方法的参数 */;
			productType = "com.apple.product-type.tool";
		};
/* End PBXNativeTarget section */

/* Begin PBXProject section */
		6AB50F6B1CDA730900D39F9D /* Project object */ = {
			isa = PBXProject;
			attributes = {
				LastUpgradeCheck = 0730;
				ORGANIZATIONNAME = Bobby;
				TargetAttributes = {
					6AB50F721CDA730900D39F9D = {
						CreatedOnToolsVersion = 7.3;
					};
				};
			};
			buildConfigurationList = 6AB50F6E1CDA730900D39F9D /* Build configuration list for PBXProject "Block做属性和方法的参数" */;
			compatibilityVersion = "Xcode 3.2";
			developmentRegion = English;
			hasScannedForEncodings = 0;
			knownRegions = (
				en,
			);
			mainGroup = 6AB50F6A1CDA730900D39F9D;
			productRefGroup = 6AB50F741CDA730900D39F9D /* Products */;
			projectDirPath = "";
			projectRoot = "";
			targets = (
				6AB50F721CDA730900D39F9D /* Block做属性和方法的参数 */,
			);
		};
/* End PBXProject section */

/* Begin PBXSourcesBuildPhase section */
		6AB50F6F1CDA730900D39F9D /* Sources */ = {
			isa = PBXSourcesBuildPhase;
			buildActionMask = 2147483647;
			files = (
				6AB50F7F1CDA731C00D39F9D /* ClassA.m in Sources */,
				6AB50F771CDA730900D39F9D /* main.m in Sources */,
			);
			runOnlyForDeploymentPostprocessing = 0;
		};
/* End PBXSourcesBuildPhase section */

/* Begin XCBuildConfiguration section */
		6AB50F781CDA730900D39F9D /* Debug */ = {
			isa = XCBuildConfiguration;
			buildSettings = {
				ALWAYS_SEARCH_USER_PATHS = NO;
				CLANG_ANALYZER_NONNULL = YES;
				CLANG_CXX_LANGUAGE_STANDARD = "gnu++0x";
				CLANG_CXX_LIBRARY = "libc++";
				CLANG_ENABLE_MODULES = YES;
				CLANG_ENABLE_OBJC_ARC = YES;
				CLANG_WARN_BOOL_CONVERSION = YES;
				CLANG_WARN_CONSTANT_CONVERSION = YES;
				CLANG_WARN_DIRECT_OBJC_ISA_USAGE = YES_ERROR;
				CLANG_WARN_EMPTY_BODY = YES;
				CLANG_WARN_ENUM_CONVERSION = YES;
				CLANG_WARN_INT_CONVERSION = YES;
				CLANG_WARN_OBJC_ROOT_CLASS = YES_ERROR;
				CLANG_WARN_UNREACHABLE_CODE = YES;
				CLANG_WARN__DUPLICATE_METHOD_MATCH = YES;
				CODE_SIGN_IDENTITY = "-";
				COPY_PHASE_STRIP = NO;
				DEBUG_INFORMATION_FORMAT = dwarf;
				ENABLE_STRICT_OBJC_MSGSEND = YES;
				ENABLE_TESTABILITY = YES;
				GCC_C_LANGUAGE_STANDARD = gnu99;
				GCC_DYNAMIC_NO_PIC = NO;
				GCC_NO_COMMON_BLOCKS = YES;
				GCC_OPTIMIZATION_LEVEL = 0;
				GCC_PREPROCESSOR_DEFINITIONS = (
					"DEBUG=1",
					"$(inherited)",
				);
				GCC_WARN_64_TO_32_BIT_CONVERSION = YES;
				GCC_WARN_ABOUT_RETURN_TYPE = YES_ERROR;
				GCC_WARN_UNDECLARED_SELECTOR = YES;
				GCC_WARN_UNINITIALIZED_AUTOS = YES_AGGRESSIVE;
				GCC_WARN_UNUSED_FUNCTION = YES;
				GCC_WARN_UNUSED_VARIABLE = YES;
				MACOSX_DEPLOYMENT_TARGET = 10.11;
				MTL_ENABLE_DEBUG_INFO = YES;
				ONLY_ACTIVE_ARCH = YES;
				SDKROOT = macosx;
			};
			name = Debug;
		};
		6AB50F791CDA730900D39F9D /* Release */ = {
			isa = XCBuildConfiguration;
			buildSettings = {
				ALWAYS_SEARCH_USER_PATHS = NO;
				CLANG_ANALYZER_NONNULL = YES;
				CLANG_CXX_LANGUAGE_STANDARD = "gnu++0x";
				CLANG_CXX_LIBRARY = "libc++";
				CLANG_ENABLE_MODULES = YES;
				CLANG_ENABLE_OBJC_ARC = YES;
				CLANG_WARN_BOOL_CONVERSION = YES;
				CLANG_WARN_CONSTANT_CONVERSION = YES;
				CLANG_WARN_DIRECT_OBJC_ISA_USAGE = YES_ERROR;
				CLANG_WARN_EMPTY_BODY = YES;
				CLANG_WARN_ENUM_CONVERSION = YES;
				CLANG_WARN_INT_CONVERSION = YES;
				CLANG_WARN_OBJC_ROOT_CLASS = YES_ERROR;
				CLANG_WARN_UNREACHABLE_CODE = YES;
				CLANG_WARN__DUPLICATE_METHOD_MATCH = YES;
				CODE_SIGN_IDENTITY = "-";
				COPY_PHASE_STRIP = NO;
				DEBUG_INFORMATION_FORMAT = "dwarf-with-dsym";
				ENABLE_NS_ASSERTIONS = NO;
				ENABLE_STRICT_OBJC_MSGSEND = YES;
				GCC_C_LANGUAGE_STANDARD = gnu99;
				GCC_NO_COMMON_BLOCKS = YES;
				GCC_WARN_64_TO_32_BIT_CONVERSION = YES;
				GCC_WARN_ABOUT_RETURN_TYPE = YES_ERROR;
				GCC_WARN_UNDECLARED_SELECTOR = YES;
				GCC_WARN_UNINITIALIZED_AUTOS = YES_AGGRESSIVE;
				GCC_WARN_UNUSED_FUNCTION = YES;
				GCC_WARN_UNUSED_VARIABLE = YES;
				MACOSX_DEPLOYMENT_TARGET = 10.11;
				MTL_ENABLE_DEBUG_INFO = NO;
				SDKROOT = macosx;
			};
			name = Release;
		};
		6AB50F7B1CDA730900D39F9D /* Debug */ = {
			isa = XCBuildConfiguration;
			buildSettings = {
				PRODUCT_NAME = "$(TARGET_NAME)";
			};
			name = Debug;
		};
		6AB50F7C1CDA730900D39F9D /* Release */ = {
			isa = XCBuildConfiguration;
			buildSettings = {
				PRODUCT_NAME = "$(TARGET_NAME)";
			};
			name = Release;
		};
/* End XCBuildConfiguration section */

/* Begin XCConfigurationList section */
		6AB50F6E1CDA730900D39F9D /* Build configuration list for PBXProject "Block做属性和方法的参数" */ = {
			isa = XCConfigurationList;
			buildConfigurations = (
				6AB50F781CDA730900D39F9D /* Debug */,
				6AB50F791CDA730900D39F9D /* Release */,
			);
			defaultConfigurationIsVisible = 0;
			defaultConfigurationName = Release;
		};
		6AB50F7A1CDA730900D39F9D /* Build configuration list for PBXNativeTarget "Block做属性和方法的参数" */ = {
			isa = XCConfigurationList;
			buildConfigurations = (
				6AB50F7B1CDA730900D39F9D /* Debug */,
				6AB50F7C1CDA730900D39F9D /* Release */,
			);
			defaultConfigurationIsVisible = 0;
		};
/* End XCConfigurationList section */
	};
	rootObject = 6AB50F6B1CDA730900D39F9D /* Project object */;
}
